
Microsoft Visual Studio Solution File, Format Version 12.00
#
Project("{2150E333-8FDC-42A3-9474-1A3956D46DE8}") = "src", "src", "{ED34F424-84AF-45D1-905B-5817319B69C5}"
EndProject
Project("{2150E333-8FDC-42A3-9474-1A3956D46DE8}") = "tests", "tests", "{4C4A7CBD-A598-419D-8F83-CE99183F3192}"
EndProject
Project("{FAE04EC0-301F-11D3-BF4B-00C04F79EFBC}") = "Domain", "src\Domain\Domain.csproj", "{062B5BFF-D75A-4802-8460-5A7B6FD53EAC}"
EndProject
Project("{FAE04EC0-301F-11D3-BF4B-00C04F79EFBC}") = "UnitTests.Core", "tests\UnitTests.Core\UnitTests.Core.csproj", "{072D6E18-346F-41C8-BD17-B4AFFCE4E6C3}"
EndProject
Project("{FAE04EC0-301F-11D3-BF4B-00C04F79EFBC}") = "ConsoleUi", "src\ConsoleUi\ConsoleUi.csproj", "{F3019B52-4E2F-403E-91B6-BD42C98D9CD7}"
EndProject
Project("{FAE04EC0-301F-11D3-BF4B-00C04F79EFBC}") = "Infrastructure", "src\Infrastructure\Infrastructure.csproj", "{6F2C8313-2F76-46EC-BDAC-5F7AB1C77142}"
EndProject
Project("{FAE04EC0-301F-11D3-BF4B-00C04F79EFBC}") = "WebUi", "src\WebUi\WebUi.csproj", "{9A422881-EB5D-498B-BB34-314B2DA59F77}"
EndProject
Global
	GlobalSection(SolutionConfigurationPlatforms) = preSolution
		Debug|Any CPU = Debug|Any CPU
		Release|Any CPU = Release|Any CPU
	EndGlobalSection
	GlobalSection(NestedProjects) = preSolution
		{062B5BFF-D75A-4802-8460-5A7B6FD53EAC} = {ED34F424-84AF-45D1-905B-5817319B69C5}
		{072D6E18-346F-41C8-BD17-B4AFFCE4E6C3} = {4C4A7CBD-A598-419D-8F83-CE99183F3192}
		{F3019B52-4E2F-403E-91B6-BD42C98D9CD7} = {ED34F424-84AF-45D1-905B-5817319B69C5}
		{6F2C8313-2F76-46EC-BDAC-5F7AB1C77142} = {ED34F424-84AF-45D1-905B-5817319B69C5}
		{9A422881-EB5D-498B-BB34-314B2DA59F77} = {ED34F424-84AF-45D1-905B-5817319B69C5}
	EndGlobalSection
	GlobalSection(ProjectConfigurationPlatforms) = postSolution
		{062B5BFF-D75A-4802-8460-5A7B6FD53EAC}.Debug|Any CPU.ActiveCfg = Debug|Any CPU
		{062B5BFF-D75A-4802-8460-5A7B6FD53EAC}.Debug|Any CPU.Build.0 = Debug|Any CPU
		{062B5BFF-D75A-4802-8460-5A7B6FD53EAC}.Release|Any CPU.ActiveCfg = Release|Any CPU
		{062B5BFF-D75A-4802-8460-5A7B6FD53EAC}.Release|Any CPU.Build.0 = Release|Any CPU
		{072D6E18-346F-41C8-BD17-B4AFFCE4E6C3}.Debug|Any CPU.ActiveCfg = Debug|Any CPU
		{072D6E18-346F-41C8-BD17-B4AFFCE4E6C3}.Debug|Any CPU.Build.0 = Debug|Any CPU
		{072D6E18-346F-41C8-BD17-B4AFFCE4E6C3}.Release|Any CPU.ActiveCfg = Release|Any CPU
		{072D6E18-346F-41C8-BD17-B4AFFCE4E6C3}.Release|Any CPU.Build.0 = Release|Any CPU
		{F3019B52-4E2F-403E-91B6-BD42C98D9CD7}.Debug|Any CPU.ActiveCfg = Debug|Any CPU
		{F3019B52-4E2F-403E-91B6-BD42C98D9CD7}.Debug|Any CPU.Build.0 = Debug|Any CPU
		{F3019B52-4E2F-403E-91B6-BD42C98D9CD7}.Release|Any CPU.ActiveCfg = Release|Any CPU
		{F3019B52-4E2F-403E-91B6-BD42C98D9CD7}.Release|Any CPU.Build.0 = Release|Any CPU
		{6F2C8313-2F76-46EC-BDAC-5F7AB1C77142}.Debug|Any CPU.ActiveCfg = Debug|Any CPU
		{6F2C8313-2F76-46EC-BDAC-5F7AB1C77142}.Debug|Any CPU.Build.0 = Debug|Any CPU
		{6F2C8313-2F76-46EC-BDAC-5F7AB1C77142}.Release|Any CPU.ActiveCfg = Release|Any CPU
		{6F2C8313-2F76-46EC-BDAC-5F7AB1C77142}.Release|Any CPU.Build.0 = Release|Any CPU
		{9A422881-EB5D-498B-BB34-314B2DA59F77}.Debug|Any CPU.ActiveCfg = Debug|Any CPU
		{9A422881-EB5D-498B-BB34-314B2DA59F77}.Debug|Any CPU.Build.0 = Debug|Any CPU
		{9A422881-EB5D-498B-BB34-314B2DA59F77}.Release|Any CPU.ActiveCfg = Release|Any CPU
		{9A422881-EB5D-498B-BB34-314B2DA59F77}.Release|Any CPU.Build.0 = Release|Any CPU
	EndGlobalSection
EndGlobal
